
Microsoft Visual Studio Solution File, Format Version 12.00
# Visual Studio 15
VisualStudioVersion = 15.0.28307.1231
MinimumVisualStudioVersion = 10.0.40219.1
Project("{F184B08F-C81C-45F6-A57F-5ABD9991F28F}") = "prjChopkinsToys_Ygay", "prjChopkinsToys_Ygay\prjChopkinsToys_Ygay.vbproj", "{8F215867-7F07-4EC9-B553-28DC6495A564}"
EndProject
Global
	GlobalSection(SolutionConfigurationPlatforms) = preSolution
		Debug|Any CPU = Debug|Any CPU
		Release|Any CPU = Release|Any CPU
	EndGlobalSection
	GlobalSection(ProjectConfigurationPlatforms) = postSolution
		{8F215867-7F07-4EC9-B553-28DC6495A564}.Debug|Any CPU.ActiveCfg = Debug|Any CPU
		{8F215867-7F07-4EC9-B553-28DC6495A564}.Debug|Any CPU.Build.0 = Debug|Any CPU
		{8F215867-7F07-4EC9-B553-28DC6495A564}.Release|Any CPU.ActiveCfg = Release|Any CPU
		{8F215867-7F07-4EC9-B553-28DC6495A564}.Release|Any CPU.Build.0 = Release|Any CPU
	EndGlobalSection
	GlobalSection(SolutionProperties) = preSolution
		HideSolutionNode = FALSE
	EndGlobalSection
	GlobalSection(ExtensibilityGlobals) = postSolution
		SolutionGuid = {024BB01B-1CB0-4384-905B-60477552C05D}
	EndGlobalSection
EndGlobal
